# This file is autogenerated, do not edit; changes may be undone by the next 'dep ensure'.


[[projects]]
  branch = "master"
  name = "github.com/asuleymanov/btc"
  packages = ["btcd/btcec","btcd/chaincfg","btcd/chaincfg/chainhash","btcd/wire","btcutil","btcutil/base58"]
  revision = "5f4113176babb9260c4576a7b9620adbbe553035"

[[projects]]
  branch = "master"
  name = "github.com/asuleymanov/golos-go"
  packages = [".","apis/database","apis/follow","apis/login","apis/market","apis/networkbroadcast","client","encoding/transaction","encoding/wif","interfaces","internal/rpc","rfc6979","transactions","translit","transports/websocket","types"]
  revision = "779100548728b0b78b0635e6b3ffc2fd51151147"

[[projects]]
  branch = "master"
  name = "github.com/asuleymanov/jsonrpc2"
  packages = [".","websocket"]
  revision = "6cecdb53f57e7267cef2ea5828533da2c38eff50"

[[projects]]
  branch = "master"
  name = "github.com/btcsuite/btcd"
  packages = ["btcec"]
  revision = "4803a8291c92a1d2d41041b942a9a9e37deab065"

[[projects]]
  name = "github.com/go-kit/kit"
  packages = ["log","log/level","log/term"]
  revision = "4dc7be5d2d12881735283bcab7352178e190fc71"
  version = "v0.6.0"

[[projects]]
  name = "github.com/go-logfmt/logfmt"
  packages = ["."]
  revision = "390ab7935ee28ec6b286364bba9b4dd6410cb3d5"
  version = "v0.3.0"

[[projects]]
  name = "github.com/go-playground/locales"
  packages = [".","currency"]
  revision = "b860c92274dfb72f517b8b4c11c6d9f2f8cc9d91"
  version = "v0.11.1"

[[projects]]
  name = "github.com/go-playground/universal-translator"
  packages = ["."]
  revision = "b32fa301c9fe55953584134cb6853a13c87ec0a1"
  version = "v0.16.0"

[[projects]]
  name = "github.com/go-stack/stack"
  packages = ["."]
  revision = "817915b46b97fd7bb80e8ab6b69f01a53ac3eebf"
  version = "v1.6.0"

[[projects]]
  branch = "master"
  name = "github.com/go-telegram-bot-api/telegram-bot-api"
  packages = ["."]
  revision = "846d467e14e674846aea543559900b7832e0b435"

[[projects]]
  name = "github.com/gorilla/websocket"
  packages = ["."]
  revision = "ea4d1f681babbce9545c9c5f3d5194a789c89f5b"
  version = "v1.2.0"

[[projects]]
  branch = "master"
  name = "github.com/kr/logfmt"
  packages = ["."]
  revision = "b84e30acd515aadc4b783ad4ff83aff3299bdfe0"

[[projects]]
  name = "github.com/mattn/go-sqlite3"
  packages = ["."]
  revision = "ca5e3819723d8eeaf170ad510e7da1d6d2e94a08"
  version = "v1.2.0"

[[projects]]
  name = "github.com/pkg/errors"
  packages = ["."]
  revision = "645ef00459ed84a119197bfb8d8205042c6df63d"
  version = "v0.8.0"

[[projects]]
  name = "github.com/technoweenie/multipartstreamer"
  packages = ["."]
  revision = "a90a01d73ae432e2611d178c18367fbaa13e0154"
  version = "v1.0.1"

[[projects]]
  branch = "master"
  name = "github.com/tendermint/ed25519"
  packages = [".","edwards25519","extra25519"]
  revision = "1f52c6f8b8a5c7908aff4497c186af344b428925"

[[projects]]
  name = "github.com/tendermint/go-crypto"
  packages = ["."]
  revision = "311e8c1bf00fa5868daad4f8ea56dcad539182c0"
  version = "v0.3.0"

[[projects]]
  name = "github.com/tendermint/go-wire"
  packages = [".","data"]
  revision = "5f88da3dbc1a72844e6dfaf274ce87f851d488eb"
  version = "v0.6.2"

[[projects]]
  name = "github.com/tendermint/tmlibs"
  packages = ["common","log"]
  revision = "096dcb90e60aa00b748b3fe49a4b95e48ebf1e13"
  version = "v0.3.2"

[[projects]]
  branch = "master"
  name = "golang.org/x/crypto"
  packages = ["nacl/secretbox","openpgp/armor","openpgp/errors","poly1305","ripemd160","salsa20/salsa"]
  revision = "9419663f5a44be8b34ca85f08abc5fe1be11f8a3"

[[projects]]
  branch = "master"
  name = "golang.org/x/net"
  packages = ["context"]
  revision = "a04bdaca5b32abe1c069418fb7088ae607de5bd0"

[[projects]]
  name = "gopkg.in/go-playground/validator.v9"
  packages = ["."]
  revision = "a021b2ec9a8a8bb970f3f15bc42617cb520e8a64"
  version = "v9.7.0"

[[projects]]
  branch = "v2"
  name = "gopkg.in/tomb.v2"
  packages = ["."]
  revision = "d5d1b5820637886def9eef33e03a27a9f166942c"

[solve-meta]
  analyzer-name = "dep"
  analyzer-version = 1
  inputs-digest = "e43d3e5bc8f108d499f7c94d1ce8b913d446739d599f6e20750d505b66022c4e"
  solver-name = "gps-cdcl"
  solver-version = 1
