# This file is autogenerated, do not edit; changes may be undone by the next 'dep ensure'.


[[projects]]
  branch = "master"
  name = "github.com/asuleymanov/golos-go"
  packages = [".","apis/database","apis/follow","apis/login","apis/market","apis/networkbroadcast","client","encoding/transaction","encoding/wif","interfaces","internal/rpc","rfc6979","transactions","translit","transports/websocket","types"]
  revision = "a93c9147e9d8bf79c129df50e0b50bdda35f0c7d"

[[projects]]
  branch = "master"
  name = "github.com/asuleymanov/jsonrpc2"
  packages = [".","websocket"]
  revision = "c1130263daf896b4d9acdc90cd37f05eb441d27b"

[[projects]]
  branch = "master"
  name = "github.com/btcsuite/btcd"
  packages = ["btcec","chaincfg","chaincfg/chainhash","wire"]
  revision = "2e60448ffcc6bf78332d1fe590260095f554dd78"

[[projects]]
  branch = "master"
  name = "github.com/btcsuite/btcutil"
  packages = [".","base58","bech32"]
  revision = "501929d3d046174c3d39f0ea54ece471aa17238c"

[[projects]]
  name = "github.com/go-kit/kit"
  packages = ["log","log/level","log/term"]
  revision = "4dc7be5d2d12881735283bcab7352178e190fc71"
  version = "v0.6.0"

[[projects]]
  name = "github.com/go-logfmt/logfmt"
  packages = ["."]
  revision = "390ab7935ee28ec6b286364bba9b4dd6410cb3d5"
  version = "v0.3.0"

[[projects]]
  name = "github.com/go-playground/locales"
  packages = [".","currency"]
  revision = "e4cbcb5d0652150d40ad0646651076b6bd2be4f6"
  version = "v0.11.2"

[[projects]]
  name = "github.com/go-playground/universal-translator"
  packages = ["."]
  revision = "b32fa301c9fe55953584134cb6853a13c87ec0a1"
  version = "v0.16.0"

[[projects]]
  name = "github.com/go-stack/stack"
  packages = ["."]
  revision = "259ab82a6cad3992b4e21ff5cac294ccb06474bc"
  version = "v1.7.0"

[[projects]]
  branch = "master"
  name = "github.com/go-telegram-bot-api/telegram-bot-api"
  packages = ["."]
  revision = "6f2d0224760e2b07def17a175ee56e834a4415b2"

[[projects]]
  name = "github.com/gorilla/websocket"
  packages = ["."]
  revision = "ea4d1f681babbce9545c9c5f3d5194a789c89f5b"
  version = "v1.2.0"

[[projects]]
  branch = "master"
  name = "github.com/grokify/html-strip-tags-go"
  packages = ["."]
  revision = "fda376fed04166f97c4d8a367ad6f44f4136787e"

[[projects]]
  branch = "master"
  name = "github.com/kr/logfmt"
  packages = ["."]
  revision = "b84e30acd515aadc4b783ad4ff83aff3299bdfe0"

[[projects]]
  name = "github.com/mattn/go-sqlite3"
  packages = ["."]
  revision = "ed69081a91fd053f17672236b0dd52ba7485e1a3"
  version = "v1.4.0"

[[projects]]
  name = "github.com/pkg/errors"
  packages = ["."]
  revision = "645ef00459ed84a119197bfb8d8205042c6df63d"
  version = "v0.8.0"

[[projects]]
  name = "github.com/technoweenie/multipartstreamer"
  packages = ["."]
  revision = "a90a01d73ae432e2611d178c18367fbaa13e0154"
  version = "v1.0.1"

[[projects]]
  branch = "master"
  name = "github.com/tendermint/ed25519"
  packages = [".","edwards25519","extra25519"]
  revision = "d8387025d2b9d158cf4efb07e7ebf814bcce2057"

[[projects]]
  name = "github.com/tendermint/go-crypto"
  packages = ["."]
  revision = "dd20358a264c772b4a83e477b0cfce4c88a7001d"
  version = "v0.4.1"

[[projects]]
  name = "github.com/tendermint/go-wire"
  packages = [".","data"]
  revision = "b6fc872b42d41158a60307db4da051dd6f179415"
  version = "v0.7.2"

[[projects]]
  name = "github.com/tendermint/tmlibs"
  packages = ["common","log"]
  revision = "91b4b534ad78e442192c8175db92a06a51064064"
  version = "v0.6.0"

[[projects]]
  branch = "master"
  name = "golang.org/x/crypto"
  packages = ["nacl/secretbox","openpgp/armor","openpgp/errors","poly1305","ripemd160","salsa20/salsa"]
  revision = "5f55bce93ad2c89f411e009659bb1fd83da36e7b"

[[projects]]
  branch = "master"
  name = "golang.org/x/net"
  packages = ["context"]
  revision = "ab555f366c4508dbe0802550b1b20c46c5c18aa0"

[[projects]]
  name = "gopkg.in/go-playground/validator.v9"
  packages = ["."]
  revision = "230db62e071d40171640c9deb875d46a3858d9dd"
  version = "v9.9.2"

[[projects]]
  branch = "v2"
  name = "gopkg.in/tomb.v2"
  packages = ["."]
  revision = "d5d1b5820637886def9eef33e03a27a9f166942c"

[solve-meta]
  analyzer-name = "dep"
  analyzer-version = 1
  inputs-digest = "8761160c28d49f59d596ddeab1838430174e1c0dc28f25e9d519ed3cdebaefbf"
  solver-name = "gps-cdcl"
  solver-version = 1
